<Solution>
  <Folder Name="/Solution Items/">
    <File Path=".gitignore" />
    <File Path="DESIGN.md" />
    <File Path="README.md" />
    <File Path="templates_stitch/kho_nguyenlieu.html" />
    <File Path="templates_stitch/themmonan_thietlapdinhmuckho.html" />
    <File Path="templates_stitch/thucdonmonan.html" />
  </Folder>
  <Project Path="RestaurantManagement.API/RestaurantManagement.API.csproj" />
  <Project Path="RestaurantManagement.Mobile/RestaurantManagement.Mobile.csproj" />
  <Project Path="RestaurantManagement.Shared/RestaurantManagement.Shared.csproj" />
  <Project Path="RestaurantManagement.Web/RestaurantManagement.Web.csproj" />
</Solution>
